{
  "name": "ukv-diff-runs",
  "lockfileVersion": 3,
  "requires": true,
  "packages": {
    "": {
      "name": "ukv-diff-runs",
      "dependencies": {
        "h5wasm": "0.8.8"
      }
    },
    "node_modules/h5wasm": {
      "version": "0.8.8",
      "resolved": "https://registry.npmjs.org/h5wasm/-/h5wasm-0.8.8.tgz",
      "integrity": "sha512-wgob0VuCgvVU6E2S4fwPkwf+SbsPfk1fuRgX5o392NDyPfJMjWlM+ZvVuRBTaoo/futq3Fd1iPcRA74s9wMC2w==",
      "license": "SEE LICENSE IN LICENSE.txt"
    }
  }
}
